
Microsoft Visual Studio Solution File, Format Version 12.00
# Visual Studio 15
VisualStudioVersion = 15.0.27703.2018
MinimumVisualStudioVersion = 10.0.40219.1
Project("{151D2E53-A2C4-4D7D-83FE-D05416EBD58E}") = "AKS", "AKS\AKS.deployproj", "{52094C71-014A-4B3A-BE70-8F37DB9303B6}"
EndProject
Global
	GlobalSection(SolutionConfigurationPlatforms) = preSolution
		Debug|Any CPU = Debug|Any CPU
		Release|Any CPU = Release|Any CPU
	EndGlobalSection
	GlobalSection(ProjectConfigurationPlatforms) = postSolution
		{52094C71-014A-4B3A-BE70-8F37DB9303B6}.Debug|Any CPU.ActiveCfg = Debug|Any CPU
		{52094C71-014A-4B3A-BE70-8F37DB9303B6}.Debug|Any CPU.Build.0 = Debug|Any CPU
		{52094C71-014A-4B3A-BE70-8F37DB9303B6}.Release|Any CPU.ActiveCfg = Release|Any CPU
		{52094C71-014A-4B3A-BE70-8F37DB9303B6}.Release|Any CPU.Build.0 = Release|Any CPU
	EndGlobalSection
	GlobalSection(SolutionProperties) = preSolution
		HideSolutionNode = FALSE
	EndGlobalSection
	GlobalSection(ExtensibilityGlobals) = postSolution
		SolutionGuid = {21364CB9-2C68-4642-A994-0C28BBB7B6A1}
	EndGlobalSection
EndGlobal
